
Microsoft Visual Studio Solution File, Format Version 12.00
# Visual Studio Version 16
VisualStudioVersion = 16.0.29911.84
MinimumVisualStudioVersion = 10.0.40219.1
Project("{FAE04EC0-301F-11D3-BF4B-00C04F79EFBC}") = "Company Management", "Company Management\Company Management.csproj", "{C667E897-3C4F-43D3-8DB7-168E8C0BB28A}"
EndProject
Global
	GlobalSection(SolutionConfigurationPlatforms) = preSolution
		Debug|Any CPU = Debug|Any CPU
		Release|Any CPU = Release|Any CPU
	EndGlobalSection
	GlobalSection(ProjectConfigurationPlatforms) = postSolution
		{C667E897-3C4F-43D3-8DB7-168E8C0BB28A}.Debug|Any CPU.ActiveCfg = Debug|Any CPU
		{C667E897-3C4F-43D3-8DB7-168E8C0BB28A}.Debug|Any CPU.Build.0 = Debug|Any CPU
		{C667E897-3C4F-43D3-8DB7-168E8C0BB28A}.Release|Any CPU.ActiveCfg = Release|Any CPU
		{C667E897-3C4F-43D3-8DB7-168E8C0BB28A}.Release|Any CPU.Build.0 = Release|Any CPU
	EndGlobalSection
	GlobalSection(SolutionProperties) = preSolution
		HideSolutionNode = FALSE
	EndGlobalSection
	GlobalSection(ExtensibilityGlobals) = postSolution
		SolutionGuid = {4D1FF524-2DD4-45DD-B985-C17D2046E116}
	EndGlobalSection
EndGlobal
